{
  "name": "cm-web-modules",
  "version": "1.9.0",
  "lockfileVersion": 2,
  "requires": true,
  "packages": {
    "": {
      "version": "1.9.0",
      "license": "MIT",
      "devDependencies": {
        "teevi": "^2.1.10"
      }
    },
    "node_modules/teevi": {
      "version": "2.1.10",
      "resolved": "https://registry.npmjs.org/teevi/-/teevi-2.1.10.tgz",
      "integrity": "sha512-hjWaUkdyi0gjhEll3qaqIDtQHm/qNKW4WFoNOAXSkHOFxBbZwqL1QBCxZMZR4IcxGB0Kf/BTw5JXOxOcEb4Djg==",
      "dev": true
    }
  },
  "dependencies": {
    "teevi": {
      "version": "2.1.10",
      "resolved": "https://registry.npmjs.org/teevi/-/teevi-2.1.10.tgz",
      "integrity": "sha512-hjWaUkdyi0gjhEll3qaqIDtQHm/qNKW4WFoNOAXSkHOFxBbZwqL1QBCxZMZR4IcxGB0Kf/BTw5JXOxOcEb4Djg==",
      "dev": true
    }
  }
}
