{
  "name": "cm-web-modules",
  "version": "2.8.2",
  "lockfileVersion": 2,
  "requires": true,
  "packages": {
    "": {
      "name": "cm-web-modules",
      "version": "2.8.2",
      "license": "MIT",
      "devDependencies": {
        "bind.mjs": "^1.1.0",
        "teevi": "^2.7.0"
      }
    },
    "node_modules/bind.mjs": {
      "version": "1.1.0",
      "resolved": "https://registry.npmjs.org/bind.mjs/-/bind.mjs-1.1.0.tgz",
      "integrity": "sha512-96snUkQzFqlnpSeVsyk0axg2tny9ZjDKFs+diCKOJctZe/EnXcq+q+OZTkN06NI5w/2FwiFBao1rJi675Yu8Hw==",
      "dev": true
    },
    "node_modules/teevi": {
      "version": "2.7.0",
      "resolved": "https://registry.npmjs.org/teevi/-/teevi-2.7.0.tgz",
      "integrity": "sha512-cf5ENGrU9nI3Zfcn+9+oViaJO4ibESdqJ+wMZDkaxShpz2BqTbKZUXY0gufWoL7S0nt0zN/jsjNvAs+i423PHw==",
      "dev": true,
      "license": "MIT",
      "bin": {
        "teevi": "bin/teevi.mjs"
      }
    }
  },
  "dependencies": {
    "bind.mjs": {
      "version": "1.1.0",
      "resolved": "https://registry.npmjs.org/bind.mjs/-/bind.mjs-1.1.0.tgz",
      "integrity": "sha512-96snUkQzFqlnpSeVsyk0axg2tny9ZjDKFs+diCKOJctZe/EnXcq+q+OZTkN06NI5w/2FwiFBao1rJi675Yu8Hw==",
      "dev": true
    },
    "teevi": {
      "version": "2.7.0",
      "resolved": "https://registry.npmjs.org/teevi/-/teevi-2.7.0.tgz",
      "integrity": "sha512-cf5ENGrU9nI3Zfcn+9+oViaJO4ibESdqJ+wMZDkaxShpz2BqTbKZUXY0gufWoL7S0nt0zN/jsjNvAs+i423PHw==",
      "dev": true
    }
  }
}
